
Microsoft Visual Studio Solution File, Format Version 12.00
# Visual Studio Version 17
VisualStudioVersion = 17.11.35219.272
MinimumVisualStudioVersion = 10.0.40219.1
Project("{FAE04EC0-301F-11D3-BF4B-00C04F79EFBC}") = "LethalBelt", "LethalBelt.csproj", "{65794D84-1056-4B4B-BD63-582E4B9411A9}"
EndProject
Global
	GlobalSection(SolutionConfigurationPlatforms) = preSolution
		Debug|Any CPU = Debug|Any CPU
		Release|Any CPU = Release|Any CPU
	EndGlobalSection
	GlobalSection(ProjectConfigurationPlatforms) = postSolution
		{65794D84-1056-4B4B-BD63-582E4B9411A9}.Debug|Any CPU.ActiveCfg = Debug|Any CPU
		{65794D84-1056-4B4B-BD63-582E4B9411A9}.Debug|Any CPU.Build.0 = Debug|Any CPU
		{65794D84-1056-4B4B-BD63-582E4B9411A9}.Release|Any CPU.ActiveCfg = Release|Any CPU
		{65794D84-1056-4B4B-BD63-582E4B9411A9}.Release|Any CPU.Build.0 = Release|Any CPU
	EndGlobalSection
	GlobalSection(SolutionProperties) = preSolution
		HideSolutionNode = FALSE
	EndGlobalSection
	GlobalSection(ExtensibilityGlobals) = postSolution
		SolutionGuid = {808FC73C-E2C0-42AF-A806-2151610BB487}
	EndGlobalSection
EndGlobal
